
Microsoft Visual Studio Solution File, Format Version 12.00
# Visual Studio Version 16
VisualStudioVersion = 16.0.29905.134
MinimumVisualStudioVersion = 10.0.40219.1
Project("{FAE04EC0-301F-11D3-BF4B-00C04F79EFBC}") = "Sprite Plist Extractor", "Sprite Plist Extractor\Sprite Plist Extractor.csproj", "{F69EB0E9-8707-490A-8CB1-A4AD5F48CF5B}"
EndProject
Global
	GlobalSection(SolutionConfigurationPlatforms) = preSolution
		Debug|Any CPU = Debug|Any CPU
		Release|Any CPU = Release|Any CPU
	EndGlobalSection
	GlobalSection(ProjectConfigurationPlatforms) = postSolution
		{F69EB0E9-8707-490A-8CB1-A4AD5F48CF5B}.Debug|Any CPU.ActiveCfg = Debug|Any CPU
		{F69EB0E9-8707-490A-8CB1-A4AD5F48CF5B}.Debug|Any CPU.Build.0 = Debug|Any CPU
		{F69EB0E9-8707-490A-8CB1-A4AD5F48CF5B}.Release|Any CPU.ActiveCfg = Release|Any CPU
		{F69EB0E9-8707-490A-8CB1-A4AD5F48CF5B}.Release|Any CPU.Build.0 = Release|Any CPU
	EndGlobalSection
	GlobalSection(SolutionProperties) = preSolution
		HideSolutionNode = FALSE
	EndGlobalSection
	GlobalSection(ExtensibilityGlobals) = postSolution
		SolutionGuid = {85841A0B-6FFA-4205-96FE-FFB3F85CF36A}
	EndGlobalSection
EndGlobal
